
Microsoft Visual Studio Solution File, Format Version 12.00
# Visual Studio Version 17
VisualStudioVersion = 17.10.35027.167
MinimumVisualStudioVersion = 10.0.40219.1
Project("{FAE04EC0-301F-11D3-BF4B-00C04F79EFBC}") = "ILogger", "ILogger.csproj", "{F3627916-5F2E-42DE-81D1-FD47CFB379C2}"
EndProject
Global
	GlobalSection(SolutionConfigurationPlatforms) = preSolution
		Debug|Any CPU = Debug|Any CPU
		Release|Any CPU = Release|Any CPU
	EndGlobalSection
	GlobalSection(ProjectConfigurationPlatforms) = postSolution
		{F3627916-5F2E-42DE-81D1-FD47CFB379C2}.Debug|Any CPU.ActiveCfg = Debug|Any CPU
		{F3627916-5F2E-42DE-81D1-FD47CFB379C2}.Debug|Any CPU.Build.0 = Debug|Any CPU
		{F3627916-5F2E-42DE-81D1-FD47CFB379C2}.Release|Any CPU.ActiveCfg = Release|Any CPU
		{F3627916-5F2E-42DE-81D1-FD47CFB379C2}.Release|Any CPU.Build.0 = Release|Any CPU
	EndGlobalSection
	GlobalSection(SolutionProperties) = preSolution
		HideSolutionNode = FALSE
	EndGlobalSection
	GlobalSection(ExtensibilityGlobals) = postSolution
		SolutionGuid = {C185038A-7F71-44F3-BF12-78AAD62C8AB0}
	EndGlobalSection
EndGlobal
